
Microsoft Visual Studio Solution File, Format Version 12.00
# Visual Studio Version 16
VisualStudioVersion = 16.0.30114.105
MinimumVisualStudioVersion = 10.0.40219.1
Project("{FAE04EC0-301F-11D3-BF4B-00C04F79EFBC}") = "BlazorApp1.Server", "BlazorApp1\Server\BlazorApp1.Server.csproj", "{B7673CC4-D437-4E53-87FB-7AE0246C99F0}"
EndProject
Project("{FAE04EC0-301F-11D3-BF4B-00C04F79EFBC}") = "BlazorApp1.Client", "BlazorApp1\Client\BlazorApp1.Client.csproj", "{B98B341E-E47A-4404-AC90-80B142C31FF8}"
EndProject
Project("{FAE04EC0-301F-11D3-BF4B-00C04F79EFBC}") = "BlazorApp1.Shared", "BlazorApp1\Shared\BlazorApp1.Shared.csproj", "{492FE5EA-4716-47D6-9CDB-A8B476BDC101}"
EndProject
Global
	GlobalSection(SolutionConfigurationPlatforms) = preSolution
		Debug|Any CPU = Debug|Any CPU
		Release|Any CPU = Release|Any CPU
	EndGlobalSection
	GlobalSection(ProjectConfigurationPlatforms) = postSolution
		{B7673CC4-D437-4E53-87FB-7AE0246C99F0}.Debug|Any CPU.ActiveCfg = Debug|Any CPU
		{B7673CC4-D437-4E53-87FB-7AE0246C99F0}.Debug|Any CPU.Build.0 = Debug|Any CPU
		{B7673CC4-D437-4E53-87FB-7AE0246C99F0}.Release|Any CPU.ActiveCfg = Release|Any CPU
		{B7673CC4-D437-4E53-87FB-7AE0246C99F0}.Release|Any CPU.Build.0 = Release|Any CPU
		{B98B341E-E47A-4404-AC90-80B142C31FF8}.Debug|Any CPU.ActiveCfg = Debug|Any CPU
		{B98B341E-E47A-4404-AC90-80B142C31FF8}.Debug|Any CPU.Build.0 = Debug|Any CPU
		{B98B341E-E47A-4404-AC90-80B142C31FF8}.Release|Any CPU.ActiveCfg = Release|Any CPU
		{B98B341E-E47A-4404-AC90-80B142C31FF8}.Release|Any CPU.Build.0 = Release|Any CPU
		{492FE5EA-4716-47D6-9CDB-A8B476BDC101}.Debug|Any CPU.ActiveCfg = Debug|Any CPU
		{492FE5EA-4716-47D6-9CDB-A8B476BDC101}.Debug|Any CPU.Build.0 = Debug|Any CPU
		{492FE5EA-4716-47D6-9CDB-A8B476BDC101}.Release|Any CPU.ActiveCfg = Release|Any CPU
		{492FE5EA-4716-47D6-9CDB-A8B476BDC101}.Release|Any CPU.Build.0 = Release|Any CPU
	EndGlobalSection
	GlobalSection(SolutionProperties) = preSolution
		HideSolutionNode = FALSE
	EndGlobalSection
	GlobalSection(ExtensibilityGlobals) = postSolution
		SolutionGuid = {33131AC4-955B-40CE-8F7C-F8DE0D7BE581}
	EndGlobalSection
EndGlobal
